
Microsoft Visual Studio Solution File, Format Version 12.00
# Visual Studio Version 16
VisualStudioVersion = 16.0.810.18
MinimumVisualStudioVersion = 10.0.40219.1
Project("{FAE04EC0-301F-11D3-BF4B-00C04F79EFBC}") = "SwitchStatements", "SwitchStatements\SwitchStatements.csproj", "{0C886A88-DCE0-492B-9213-3D590507E007}"
EndProject
Global
	GlobalSection(SolutionConfigurationPlatforms) = preSolution
		Debug|Any CPU = Debug|Any CPU
		Release|Any CPU = Release|Any CPU
	EndGlobalSection
	GlobalSection(ProjectConfigurationPlatforms) = postSolution
		{0C886A88-DCE0-492B-9213-3D590507E007}.Debug|Any CPU.ActiveCfg = Debug|Any CPU
		{0C886A88-DCE0-492B-9213-3D590507E007}.Debug|Any CPU.Build.0 = Debug|Any CPU
		{0C886A88-DCE0-492B-9213-3D590507E007}.Release|Any CPU.ActiveCfg = Release|Any CPU
		{0C886A88-DCE0-492B-9213-3D590507E007}.Release|Any CPU.Build.0 = Release|Any CPU
	EndGlobalSection
	GlobalSection(SolutionProperties) = preSolution
		HideSolutionNode = FALSE
	EndGlobalSection
	GlobalSection(ExtensibilityGlobals) = postSolution
		SolutionGuid = {90BBF80E-0776-4073-B70C-E5FD4EC6E871}
	EndGlobalSection
EndGlobal
